// !$*UTF8*$!
{
	archiveVersion = 1;
	classes = {
	};
	objectVersion = 77;
	objects = {

/* Begin PBXBuildFile section */
		5FA97B042DF30FC20021F1B9 /* AppDelegate.swift in Sources */ = {isa = PBXBuildFile; fileRef = 5FA97B032DF30FC20021F1B9 /* AppDelegate.swift */; };
		5FA97B082DF30FC20021F1B9 /* Main.html in Resources */ = {isa = PBXBuildFile; fileRef = 5FA97B062DF30FC20021F1B9 /* Main.html */; };
		5FA97B0A2DF30FC20021F1B9 /* Icon.png in Resources */ = {isa = PBXBuildFile; fileRef = 5FA97B092DF30FC20021F1B9 /* Icon.png */; };
		5FA97B0C2DF30FC20021F1B9 /* Style.css in Resources */ = {isa = PBXBuildFile; fileRef = 5FA97B0B2DF30FC20021F1B9 /* Style.css */; };
		5FA97B0E2DF30FC20021F1B9 /* Script.js in Resources */ = {isa = PBXBuildFile; fileRef = 5FA97B0D2DF30FC20021F1B9 /* Script.js */; };
		5FA97B102DF30FC20021F1B9 /* ViewController.swift in Sources */ = {isa = PBXBuildFile; fileRef = 5FA97B0F2DF30FC20021F1B9 /* ViewController.swift */; };
		5FA97B132DF30FC20021F1B9 /* Main.storyboard in Resources */ = {isa = PBXBuildFile; fileRef = 5FA97B112DF30FC20021F1B9 /* Main.storyboard */; };
		5FA97B152DF30FC40021F1B9 /* Assets.xcassets in Resources */ = {isa = PBXBuildFile; fileRef = 5FA97B142DF30FC40021F1B9 /* Assets.xcassets */; };
		5FA97B222DF30FC40021F1B9 /* Brie___Bug_CaptureTests.swift in Sources */ = {isa = PBXBuildFile; fileRef = 5FA97B212DF30FC40021F1B9 /* Brie___Bug_CaptureTests.swift */; };
		5FA97B2C2DF30FC40021F1B9 /* Brie___Bug_CaptureUITests.swift in Sources */ = {isa = PBXBuildFile; fileRef = 5FA97B2B2DF30FC40021F1B9 /* Brie___Bug_CaptureUITests.swift */; };
		5FA97B2E2DF30FC40021F1B9 /* Brie___Bug_CaptureUITestsLaunchTests.swift in Sources */ = {isa = PBXBuildFile; fileRef = 5FA97B2D2DF30FC40021F1B9 /* Brie___Bug_CaptureUITestsLaunchTests.swift */; };
		5FA97B342DF30FC40021F1B9 /* Brie - Bug Capture Extension.appex in Embed Foundation Extensions */ = {isa = PBXBuildFile; fileRef = 5FA97B332DF30FC40021F1B9 /* Brie - Bug Capture Extension.appex */; settings = {ATTRIBUTES = (RemoveHeadersOnCopy, ); }; };
		5FA97B392DF30FC40021F1B9 /* SafariWebExtensionHandler.swift in Sources */ = {isa = PBXBuildFile; fileRef = 5FA97B382DF30FC40021F1B9 /* SafariWebExtensionHandler.swift */; };
		5FA97B582DF30FC50021F1B9 /* popup in Resources */ = {isa = PBXBuildFile; fileRef = 5FA97B4C2DF30FC50021F1B9 /* popup */; };
		5FA97B592DF30FC50021F1B9 /* content.css in Resources */ = {isa = PBXBuildFile; fileRef = 5FA97B4D2DF30FC50021F1B9 /* content.css */; };
		5FA97B5A2DF30FC50021F1B9 /* background.js in Resources */ = {isa = PBXBuildFile; fileRef = 5FA97B4E2DF30FC50021F1B9 /* background.js */; };
		5FA97B5B2DF30FC50021F1B9 /* content in Resources */ = {isa = PBXBuildFile; fileRef = 5FA97B4F2DF30FC50021F1B9 /* content */; };
		5FA97B5C2DF30FC50021F1B9 /* content-runtime in Resources */ = {isa = PBXBuildFile; fileRef = 5FA97B502DF30FC50021F1B9 /* content-runtime */; };
		5FA97B5D2DF30FC50021F1B9 /* brie-logo.png in Resources */ = {isa = PBXBuildFile; fileRef = 5FA97B512DF30FC50021F1B9 /* brie-logo.png */; };
		5FA97B5E2DF30FC50021F1B9 /* manifest.json in Resources */ = {isa = PBXBuildFile; fileRef = 5FA97B522DF30FC50021F1B9 /* manifest.json */; };
		5FA97B5F2DF30FC50021F1B9 /* content-ui in Resources */ = {isa = PBXBuildFile; fileRef = 5FA97B532DF30FC50021F1B9 /* content-ui */; };
		5FA97B602DF30FC50021F1B9 /* _locales in Resources */ = {isa = PBXBuildFile; fileRef = 5FA97B542DF30FC50021F1B9 /* _locales */; };
		5FA97B612DF30FC50021F1B9 /* refresh.js in Resources */ = {isa = PBXBuildFile; fileRef = 5FA97B562DF30FC50021F1B9 /* refresh.js */; };
		5FA97B622DF30FC50021F1B9 /* brie-icon-128x128.png in Resources */ = {isa = PBXBuildFile; fileRef = 5FA97B572DF30FC50021F1B9 /* brie-icon-128x128.png */; };
/* End PBXBuildFile section */

/* Begin PBXContainerItemProxy section */
		5FA97B1E2DF30FC40021F1B9 /* PBXContainerItemProxy */ = {
			isa = PBXContainerItemProxy;
			containerPortal = 5FA97AF82DF30FC10021F1B9 /* Project object */;
			proxyType = 1;
			remoteGlobalIDString = 5FA97AFF2DF30FC10021F1B9;
			remoteInfo = "Brie - Bug Capture";
		};
		5FA97B282DF30FC40021F1B9 /* PBXContainerItemProxy */ = {
			isa = PBXContainerItemProxy;
			containerPortal = 5FA97AF82DF30FC10021F1B9 /* Project object */;
			proxyType = 1;
			remoteGlobalIDString = 5FA97AFF2DF30FC10021F1B9;
			remoteInfo = "Brie - Bug Capture";
		};
		5FA97B352DF30FC40021F1B9 /* PBXContainerItemProxy */ = {
			isa = PBXContainerItemProxy;
			containerPortal = 5FA97AF82DF30FC10021F1B9 /* Project object */;
			proxyType = 1;
			remoteGlobalIDString = 5FA97B322DF30FC40021F1B9;
			remoteInfo = "Brie - Bug Capture Extension";
		};
/* End PBXContainerItemProxy section */

/* Begin PBXCopyFilesBuildPhase section */
		5FA97B412DF30FC40021F1B9 /* Embed Foundation Extensions */ = {
			isa = PBXCopyFilesBuildPhase;
			buildActionMask = 2147483647;
			dstPath = "";
			dstSubfolderSpec = 13;
			files = (
				5FA97B342DF30FC40021F1B9 /* Brie - Bug Capture Extension.appex in Embed Foundation Extensions */,
			);
			name = "Embed Foundation Extensions";
			runOnlyForDeploymentPostprocessing = 0;
		};
/* End PBXCopyFilesBuildPhase section */

/* Begin PBXFileReference section */
		5FA97B002DF30FC20021F1B9 /* Brie - Bug Capture.app */ = {isa = PBXFileReference; explicitFileType = wrapper.application; includeInIndex = 0; path = "Brie - Bug Capture.app"; sourceTree = BUILT_PRODUCTS_DIR; };
		5FA97B032DF30FC20021F1B9 /* AppDelegate.swift */ = {isa = PBXFileReference; lastKnownFileType = sourcecode.swift; path = AppDelegate.swift; sourceTree = "<group>"; };
		5FA97B072DF30FC20021F1B9 /* Base */ = {isa = PBXFileReference; lastKnownFileType = text.html; name = Base; path = Base.lproj/Main.html; sourceTree = "<group>"; };
		5FA97B092DF30FC20021F1B9 /* Icon.png */ = {isa = PBXFileReference; lastKnownFileType = image.png; path = Icon.png; sourceTree = "<group>"; };
		5FA97B0B2DF30FC20021F1B9 /* Style.css */ = {isa = PBXFileReference; lastKnownFileType = text.css; path = Style.css; sourceTree = "<group>"; };
		5FA97B0D2DF30FC20021F1B9 /* Script.js */ = {isa = PBXFileReference; lastKnownFileType = sourcecode.javascript; path = Script.js; sourceTree = "<group>"; };
		5FA97B0F2DF30FC20021F1B9 /* ViewController.swift */ = {isa = PBXFileReference; lastKnownFileType = sourcecode.swift; path = ViewController.swift; sourceTree = "<group>"; };
		5FA97B122DF30FC20021F1B9 /* Base */ = {isa = PBXFileReference; lastKnownFileType = file.storyboard; name = Base; path = Base.lproj/Main.storyboard; sourceTree = "<group>"; };
		5FA97B142DF30FC40021F1B9 /* Assets.xcassets */ = {isa = PBXFileReference; lastKnownFileType = folder.assetcatalog; path = Assets.xcassets; sourceTree = "<group>"; };
		5FA97B162DF30FC40021F1B9 /* Info.plist */ = {isa = PBXFileReference; lastKnownFileType = text.plist.xml; path = Info.plist; sourceTree = "<group>"; };
		5FA97B172DF30FC40021F1B9 /* Brie___Bug_Capture.entitlements */ = {isa = PBXFileReference; lastKnownFileType = text.plist.entitlements; path = "Brie___Bug_Capture.entitlements"; sourceTree = "<group>"; };
		5FA97B182DF30FC40021F1B9 /* Brie - Bug Capture.entitlements */ = {isa = PBXFileReference; lastKnownFileType = text.plist.entitlements; path = "Brie - Bug Capture.entitlements"; sourceTree = "<group>"; };
		5FA97B1D2DF30FC40021F1B9 /* Brie - Bug CaptureTests.xctest */ = {isa = PBXFileReference; explicitFileType = wrapper.cfbundle; includeInIndex = 0; path = "Brie - Bug CaptureTests.xctest"; sourceTree = BUILT_PRODUCTS_DIR; };
		5FA97B212DF30FC40021F1B9 /* Brie___Bug_CaptureTests.swift */ = {isa = PBXFileReference; lastKnownFileType = sourcecode.swift; path = "Brie___Bug_CaptureTests.swift"; sourceTree = "<group>"; };
		5FA97B272DF30FC40021F1B9 /* Brie - Bug CaptureUITests.xctest */ = {isa = PBXFileReference; explicitFileType = wrapper.cfbundle; includeInIndex = 0; path = "Brie - Bug CaptureUITests.xctest"; sourceTree = BUILT_PRODUCTS_DIR; };
		5FA97B2B2DF30FC40021F1B9 /* Brie___Bug_CaptureUITests.swift */ = {isa = PBXFileReference; lastKnownFileType = sourcecode.swift; path = "Brie___Bug_CaptureUITests.swift"; sourceTree = "<group>"; };
		5FA97B2D2DF30FC40021F1B9 /* Brie___Bug_CaptureUITestsLaunchTests.swift */ = {isa = PBXFileReference; lastKnownFileType = sourcecode.swift; path = "Brie___Bug_CaptureUITestsLaunchTests.swift"; sourceTree = "<group>"; };
		5FA97B332DF30FC40021F1B9 /* Brie - Bug Capture Extension.appex */ = {isa = PBXFileReference; explicitFileType = "wrapper.app-extension"; includeInIndex = 0; path = "Brie - Bug Capture Extension.appex"; sourceTree = BUILT_PRODUCTS_DIR; };
		5FA97B382DF30FC40021F1B9 /* SafariWebExtensionHandler.swift */ = {isa = PBXFileReference; lastKnownFileType = sourcecode.swift; path = SafariWebExtensionHandler.swift; sourceTree = "<group>"; };
		5FA97B3A2DF30FC40021F1B9 /* Info.plist */ = {isa = PBXFileReference; lastKnownFileType = text.plist.xml; path = Info.plist; sourceTree = "<group>"; };
		5FA97B3B2DF30FC40021F1B9 /* Brie___Bug_Capture_Extension.entitlements */ = {isa = PBXFileReference; lastKnownFileType = text.plist.entitlements; path = "Brie___Bug_Capture_Extension.entitlements"; sourceTree = "<group>"; };
		5FA97B4C2DF30FC50021F1B9 /* popup */ = {isa = PBXFileReference; lastKnownFileType = folder; name = popup; path = ../../dist/popup; sourceTree = "<group>"; };
		5FA97B4D2DF30FC50021F1B9 /* content.css */ = {isa = PBXFileReference; lastKnownFileType = text.css; name = content.css; path = ../../dist/content.css; sourceTree = "<group>"; };
		5FA97B4E2DF30FC50021F1B9 /* background.js */ = {isa = PBXFileReference; lastKnownFileType = sourcecode.javascript; name = background.js; path = ../../dist/background.js; sourceTree = "<group>"; };
		5FA97B4F2DF30FC50021F1B9 /* content */ = {isa = PBXFileReference; lastKnownFileType = folder; name = content; path = ../../dist/content; sourceTree = "<group>"; };
		5FA97B502DF30FC50021F1B9 /* content-runtime */ = {isa = PBXFileReference; lastKnownFileType = folder; name = "content-runtime"; path = "../../dist/content-runtime"; sourceTree = "<group>"; };
		5FA97B512DF30FC50021F1B9 /* brie-logo.png */ = {isa = PBXFileReference; lastKnownFileType = image.png; name = "brie-logo.png"; path = "../../dist/brie-logo.png"; sourceTree = "<group>"; };
		5FA97B522DF30FC50021F1B9 /* manifest.json */ = {isa = PBXFileReference; lastKnownFileType = text.json; name = manifest.json; path = ../../dist/manifest.json; sourceTree = "<group>"; };
		5FA97B532DF30FC50021F1B9 /* content-ui */ = {isa = PBXFileReference; lastKnownFileType = folder; name = "content-ui"; path = "../../dist/content-ui"; sourceTree = "<group>"; };
		5FA97B542DF30FC50021F1B9 /* _locales */ = {isa = PBXFileReference; lastKnownFileType = folder; name = _locales; path = ../../dist/_locales; sourceTree = "<group>"; };
		5FA97B552DF30FC50021F1B9 /* background.js.map */ = {isa = PBXFileReference; lastKnownFileType = "sourcecode.module-map"; name = background.js.map; path = ../../dist/background.js.map; sourceTree = "<group>"; };
		5FA97B562DF30FC50021F1B9 /* refresh.js */ = {isa = PBXFileReference; lastKnownFileType = sourcecode.javascript; name = refresh.js; path = ../../dist/refresh.js; sourceTree = "<group>"; };
		5FA97B572DF30FC50021F1B9 /* brie-icon-128x128.png */ = {isa = PBXFileReference; lastKnownFileType = image.png; name = "brie-icon-128x128.png"; path = "../../dist/brie-icon-128x128.png"; sourceTree = "<group>"; };
/* End PBXFileReference section */

/* Begin PBXFrameworksBuildPhase section */
		5FA97AFD2DF30FC10021F1B9 /* Frameworks */ = {
			isa = PBXFrameworksBuildPhase;
			buildActionMask = 2147483647;
			files = (
			);
			runOnlyForDeploymentPostprocessing = 0;
		};
		5FA97B1A2DF30FC40021F1B9 /* Frameworks */ = {
			isa = PBXFrameworksBuildPhase;
			buildActionMask = 2147483647;
			files = (
			);
			runOnlyForDeploymentPostprocessing = 0;
		};
		5FA97B242DF30FC40021F1B9 /* Frameworks */ = {
			isa = PBXFrameworksBuildPhase;
			buildActionMask = 2147483647;
			files = (
			);
			runOnlyForDeploymentPostprocessing = 0;
		};
		5FA97B302DF30FC40021F1B9 /* Frameworks */ = {
			isa = PBXFrameworksBuildPhase;
			buildActionMask = 2147483647;
			files = (
			);
			runOnlyForDeploymentPostprocessing = 0;
		};
/* End PBXFrameworksBuildPhase section */

/* Begin PBXGroup section */
		5FA97AF72DF30FC10021F1B9 = {
			isa = PBXGroup;
			children = (
				5FA97B022DF30FC20021F1B9 /* Brie - Bug Capture */,
				5FA97B202DF30FC40021F1B9 /* Brie - Bug CaptureTests */,
				5FA97B2A2DF30FC40021F1B9 /* Brie - Bug CaptureUITests */,
				5FA97B372DF30FC40021F1B9 /* Brie - Bug Capture Extension */,
				5FA97B012DF30FC20021F1B9 /* Products */,
			);
			sourceTree = "<group>";
		};
		5FA97B012DF30FC20021F1B9 /* Products */ = {
			isa = PBXGroup;
			children = (
				5FA97B002DF30FC20021F1B9 /* Brie - Bug Capture.app */,
				5FA97B1D2DF30FC40021F1B9 /* Brie - Bug CaptureTests.xctest */,
				5FA97B272DF30FC40021F1B9 /* Brie - Bug CaptureUITests.xctest */,
				5FA97B332DF30FC40021F1B9 /* Brie - Bug Capture Extension.appex */,
			);
			name = Products;
			sourceTree = "<group>";
		};
		5FA97B022DF30FC20021F1B9 /* Brie - Bug Capture */ = {
			isa = PBXGroup;
			children = (
				5FA97B032DF30FC20021F1B9 /* AppDelegate.swift */,
				5FA97B0F2DF30FC20021F1B9 /* ViewController.swift */,
				5FA97B112DF30FC20021F1B9 /* Main.storyboard */,
				5FA97B142DF30FC40021F1B9 /* Assets.xcassets */,
				5FA97B162DF30FC40021F1B9 /* Info.plist */,
				5FA97B172DF30FC40021F1B9 /* Brie___Bug_Capture.entitlements */,
				5FA97B182DF30FC40021F1B9 /* Brie - Bug Capture.entitlements */,
				5FA97B052DF30FC20021F1B9 /* Resources */,
			);
			path = "Brie - Bug Capture";
			sourceTree = "<group>";
		};
		5FA97B052DF30FC20021F1B9 /* Resources */ = {
			isa = PBXGroup;
			children = (
				5FA97B062DF30FC20021F1B9 /* Main.html */,
				5FA97B092DF30FC20021F1B9 /* Icon.png */,
				5FA97B0B2DF30FC20021F1B9 /* Style.css */,
				5FA97B0D2DF30FC20021F1B9 /* Script.js */,
			);
			path = Resources;
			sourceTree = "<group>";
		};
		5FA97B202DF30FC40021F1B9 /* Brie - Bug CaptureTests */ = {
			isa = PBXGroup;
			children = (
				5FA97B212DF30FC40021F1B9 /* Brie___Bug_CaptureTests.swift */,
			);
			path = "Brie - Bug CaptureTests";
			sourceTree = "<group>";
		};
		5FA97B2A2DF30FC40021F1B9 /* Brie - Bug CaptureUITests */ = {
			isa = PBXGroup;
			children = (
				5FA97B2B2DF30FC40021F1B9 /* Brie___Bug_CaptureUITests.swift */,
				5FA97B2D2DF30FC40021F1B9 /* Brie___Bug_CaptureUITestsLaunchTests.swift */,
			);
			path = "Brie - Bug CaptureUITests";
			sourceTree = "<group>";
		};
		5FA97B372DF30FC40021F1B9 /* Brie - Bug Capture Extension */ = {
			isa = PBXGroup;
			children = (
				5FA97B4B2DF30FC40021F1B9 /* Resources */,
				5FA97B382DF30FC40021F1B9 /* SafariWebExtensionHandler.swift */,
				5FA97B3A2DF30FC40021F1B9 /* Info.plist */,
				5FA97B3B2DF30FC40021F1B9 /* Brie___Bug_Capture_Extension.entitlements */,
			);
			path = "Brie - Bug Capture Extension";
			sourceTree = "<group>";
		};
		5FA97B4B2DF30FC40021F1B9 /* Resources */ = {
			isa = PBXGroup;
			children = (
				5FA97B4C2DF30FC50021F1B9 /* popup */,
				5FA97B4D2DF30FC50021F1B9 /* content.css */,
				5FA97B4E2DF30FC50021F1B9 /* background.js */,
				5FA97B4F2DF30FC50021F1B9 /* content */,
				5FA97B502DF30FC50021F1B9 /* content-runtime */,
				5FA97B512DF30FC50021F1B9 /* brie-logo.png */,
				5FA97B522DF30FC50021F1B9 /* manifest.json */,
				5FA97B532DF30FC50021F1B9 /* content-ui */,
				5FA97B542DF30FC50021F1B9 /* _locales */,
				5FA97B552DF30FC50021F1B9 /* background.js.map */,
				5FA97B562DF30FC50021F1B9 /* refresh.js */,
				5FA97B572DF30FC50021F1B9 /* brie-icon-128x128.png */,
			);
			name = Resources;
			path = "Brie - Bug Capture Extension";
			sourceTree = SOURCE_ROOT;
		};
/* End PBXGroup section */

/* Begin PBXNativeTarget section */
		5FA97AFF2DF30FC10021F1B9 /* Brie - Bug Capture */ = {
			isa = PBXNativeTarget;
			buildConfigurationList = 5FA97B422DF30FC40021F1B9 /* Build configuration list for PBXNativeTarget "Brie - Bug Capture" */;
			buildPhases = (
				5FA97AFC2DF30FC10021F1B9 /* Sources */,
				5FA97AFD2DF30FC10021F1B9 /* Frameworks */,
				5FA97AFE2DF30FC10021F1B9 /* Resources */,
				5FA97B412DF30FC40021F1B9 /* Embed Foundation Extensions */,
			);
			buildRules = (
			);
			dependencies = (
				5FA97B362DF30FC40021F1B9 /* PBXTargetDependency */,
			);
			name = "Brie - Bug Capture";
			packageProductDependencies = (
			);
			productName = "Brie - Bug Capture";
			productReference = 5FA97B002DF30FC20021F1B9 /* Brie - Bug Capture.app */;
			productType = "com.apple.product-type.application";
		};
		5FA97B1C2DF30FC40021F1B9 /* Brie - Bug CaptureTests */ = {
			isa = PBXNativeTarget;
			buildConfigurationList = 5FA97B452DF30FC40021F1B9 /* Build configuration list for PBXNativeTarget "Brie - Bug CaptureTests" */;
			buildPhases = (
				5FA97B192DF30FC40021F1B9 /* Sources */,
				5FA97B1A2DF30FC40021F1B9 /* Frameworks */,
				5FA97B1B2DF30FC40021F1B9 /* Resources */,
			);
			buildRules = (
			);
			dependencies = (
				5FA97B1F2DF30FC40021F1B9 /* PBXTargetDependency */,
			);
			name = "Brie - Bug CaptureTests";
			packageProductDependencies = (
			);
			productName = "Brie - Bug CaptureTests";
			productReference = 5FA97B1D2DF30FC40021F1B9 /* Brie - Bug CaptureTests.xctest */;
			productType = "com.apple.product-type.bundle.unit-test";
		};
		5FA97B262DF30FC40021F1B9 /* Brie - Bug CaptureUITests */ = {
			isa = PBXNativeTarget;
			buildConfigurationList = 5FA97B482DF30FC40021F1B9 /* Build configuration list for PBXNativeTarget "Brie - Bug CaptureUITests" */;
			buildPhases = (
				5FA97B232DF30FC40021F1B9 /* Sources */,
				5FA97B242DF30FC40021F1B9 /* Frameworks */,
				5FA97B252DF30FC40021F1B9 /* Resources */,
			);
			buildRules = (
			);
			dependencies = (
				5FA97B292DF30FC40021F1B9 /* PBXTargetDependency */,
			);
			name = "Brie - Bug CaptureUITests";
			packageProductDependencies = (
			);
			productName = "Brie - Bug CaptureUITests";
			productReference = 5FA97B272DF30FC40021F1B9 /* Brie - Bug CaptureUITests.xctest */;
			productType = "com.apple.product-type.bundle.ui-testing";
		};
		5FA97B322DF30FC40021F1B9 /* Brie - Bug Capture Extension */ = {
			isa = PBXNativeTarget;
			buildConfigurationList = 5FA97B3E2DF30FC40021F1B9 /* Build configuration list for PBXNativeTarget "Brie - Bug Capture Extension" */;
			buildPhases = (
				5FA97B2F2DF30FC40021F1B9 /* Sources */,
				5FA97B302DF30FC40021F1B9 /* Frameworks */,
				5FA97B312DF30FC40021F1B9 /* Resources */,
			);
			buildRules = (
			);
			dependencies = (
			);
			name = "Brie - Bug Capture Extension";
			packageProductDependencies = (
			);
			productName = "Brie - Bug Capture Extension";
			productReference = 5FA97B332DF30FC40021F1B9 /* Brie - Bug Capture Extension.appex */;
			productType = "com.apple.product-type.app-extension";
		};
/* End PBXNativeTarget section */

/* Begin PBXProject section */
		5FA97AF82DF30FC10021F1B9 /* Project object */ = {
			isa = PBXProject;
			attributes = {
				BuildIndependentTargetsInParallel = 1;
				LastSwiftUpdateCheck = 1640;
				LastUpgradeCheck = 1640;
				TargetAttributes = {
					5FA97AFF2DF30FC10021F1B9 = {
						CreatedOnToolsVersion = 16.4;
					};
					5FA97B1C2DF30FC40021F1B9 = {
						CreatedOnToolsVersion = 16.4;
						TestTargetID = 5FA97AFF2DF30FC10021F1B9;
					};
					5FA97B262DF30FC40021F1B9 = {
						CreatedOnToolsVersion = 16.4;
						TestTargetID = 5FA97AFF2DF30FC10021F1B9;
					};
					5FA97B322DF30FC40021F1B9 = {
						CreatedOnToolsVersion = 16.4;
					};
				};
			};
			buildConfigurationList = 5FA97AFB2DF30FC10021F1B9 /* Build configuration list for PBXProject "Brie - Bug Capture" */;
			developmentRegion = en;
			hasScannedForEncodings = 0;
			knownRegions = (
				en,
				Base,
			);
			mainGroup = 5FA97AF72DF30FC10021F1B9;
			minimizedProjectReferenceProxies = 1;
			preferredProjectObjectVersion = 77;
			productRefGroup = 5FA97B012DF30FC20021F1B9 /* Products */;
			projectDirPath = "";
			projectRoot = "";
			targets = (
				5FA97AFF2DF30FC10021F1B9 /* Brie - Bug Capture */,
				5FA97B1C2DF30FC40021F1B9 /* Brie - Bug CaptureTests */,
				5FA97B262DF30FC40021F1B9 /* Brie - Bug CaptureUITests */,
				5FA97B322DF30FC40021F1B9 /* Brie - Bug Capture Extension */,
			);
		};
/* End PBXProject section */

/* Begin PBXResourcesBuildPhase section */
		5FA97AFE2DF30FC10021F1B9 /* Resources */ = {
			isa = PBXResourcesBuildPhase;
			buildActionMask = 2147483647;
			files = (
				5FA97B0A2DF30FC20021F1B9 /* Icon.png in Resources */,
				5FA97B132DF30FC20021F1B9 /* Main.storyboard in Resources */,
				5FA97B0E2DF30FC20021F1B9 /* Script.js in Resources */,
				5FA97B082DF30FC20021F1B9 /* Main.html in Resources */,
				5FA97B152DF30FC40021F1B9 /* Assets.xcassets in Resources */,
				5FA97B0C2DF30FC20021F1B9 /* Style.css in Resources */,
			);
			runOnlyForDeploymentPostprocessing = 0;
		};
		5FA97B1B2DF30FC40021F1B9 /* Resources */ = {
			isa = PBXResourcesBuildPhase;
			buildActionMask = 2147483647;
			files = (
			);
			runOnlyForDeploymentPostprocessing = 0;
		};
		5FA97B252DF30FC40021F1B9 /* Resources */ = {
			isa = PBXResourcesBuildPhase;
			buildActionMask = 2147483647;
			files = (
			);
			runOnlyForDeploymentPostprocessing = 0;
		};
		5FA97B312DF30FC40021F1B9 /* Resources */ = {
			isa = PBXResourcesBuildPhase;
			buildActionMask = 2147483647;
			files = (
				5FA97B612DF30FC50021F1B9 /* refresh.js in Resources */,
				5FA97B602DF30FC50021F1B9 /* _locales in Resources */,
				5FA97B5F2DF30FC50021F1B9 /* content-ui in Resources */,
				5FA97B5C2DF30FC50021F1B9 /* content-runtime in Resources */,
				5FA97B5E2DF30FC50021F1B9 /* manifest.json in Resources */,
				5FA97B622DF30FC50021F1B9 /* brie-icon-128x128.png in Resources */,
				5FA97B582DF30FC50021F1B9 /* popup in Resources */,
				5FA97B5A2DF30FC50021F1B9 /* background.js in Resources */,
				5FA97B5B2DF30FC50021F1B9 /* content in Resources */,
				5FA97B5D2DF30FC50021F1B9 /* brie-logo.png in Resources */,
				5FA97B592DF30FC50021F1B9 /* content.css in Resources */,
			);
			runOnlyForDeploymentPostprocessing = 0;
		};
/* End PBXResourcesBuildPhase section */

/* Begin PBXSourcesBuildPhase section */
		5FA97AFC2DF30FC10021F1B9 /* Sources */ = {
			isa = PBXSourcesBuildPhase;
			buildActionMask = 2147483647;
			files = (
				5FA97B102DF30FC20021F1B9 /* ViewController.swift in Sources */,
				5FA97B042DF30FC20021F1B9 /* AppDelegate.swift in Sources */,
			);
			runOnlyForDeploymentPostprocessing = 0;
		};
		5FA97B192DF30FC40021F1B9 /* Sources */ = {
			isa = PBXSourcesBuildPhase;
			buildActionMask = 2147483647;
			files = (
				5FA97B222DF30FC40021F1B9 /* Brie___Bug_CaptureTests.swift in Sources */,
			);
			runOnlyForDeploymentPostprocessing = 0;
		};
		5FA97B232DF30FC40021F1B9 /* Sources */ = {
			isa = PBXSourcesBuildPhase;
			buildActionMask = 2147483647;
			files = (
				5FA97B2E2DF30FC40021F1B9 /* Brie___Bug_CaptureUITestsLaunchTests.swift in Sources */,
				5FA97B2C2DF30FC40021F1B9 /* Brie___Bug_CaptureUITests.swift in Sources */,
			);
			runOnlyForDeploymentPostprocessing = 0;
		};
		5FA97B2F2DF30FC40021F1B9 /* Sources */ = {
			isa = PBXSourcesBuildPhase;
			buildActionMask = 2147483647;
			files = (
				5FA97B392DF30FC40021F1B9 /* SafariWebExtensionHandler.swift in Sources */,
			);
			runOnlyForDeploymentPostprocessing = 0;
		};
/* End PBXSourcesBuildPhase section */

/* Begin PBXTargetDependency section */
		5FA97B1F2DF30FC40021F1B9 /* PBXTargetDependency */ = {
			isa = PBXTargetDependency;
			target = 5FA97AFF2DF30FC10021F1B9 /* Brie - Bug Capture */;
			targetProxy = 5FA97B1E2DF30FC40021F1B9 /* PBXContainerItemProxy */;
		};
		5FA97B292DF30FC40021F1B9 /* PBXTargetDependency */ = {
			isa = PBXTargetDependency;
			target = 5FA97AFF2DF30FC10021F1B9 /* Brie - Bug Capture */;
			targetProxy = 5FA97B282DF30FC40021F1B9 /* PBXContainerItemProxy */;
		};
		5FA97B362DF30FC40021F1B9 /* PBXTargetDependency */ = {
			isa = PBXTargetDependency;
			target = 5FA97B322DF30FC40021F1B9 /* Brie - Bug Capture Extension */;
			targetProxy = 5FA97B352DF30FC40021F1B9 /* PBXContainerItemProxy */;
		};
/* End PBXTargetDependency section */

/* Begin PBXVariantGroup section */
		5FA97B062DF30FC20021F1B9 /* Main.html */ = {
			isa = PBXVariantGroup;
			children = (
				5FA97B072DF30FC20021F1B9 /* Base */,
			);
			name = Main.html;
			sourceTree = "<group>";
		};
		5FA97B112DF30FC20021F1B9 /* Main.storyboard */ = {
			isa = PBXVariantGroup;
			children = (
				5FA97B122DF30FC20021F1B9 /* Base */,
			);
			name = Main.storyboard;
			sourceTree = "<group>";
		};
/* End PBXVariantGroup section */

/* Begin XCBuildConfiguration section */
		5FA97B3C2DF30FC40021F1B9 /* Debug */ = {
			isa = XCBuildConfiguration;
			buildSettings = {
				ALWAYS_SEARCH_USER_PATHS = NO;
				ASSETCATALOG_COMPILER_GENERATE_SWIFT_ASSET_SYMBOL_EXTENSIONS = YES;
				CLANG_ANALYZER_NONNULL = YES;
				CLANG_ANALYZER_NUMBER_OBJECT_CONVERSION = YES_AGGRESSIVE;
				CLANG_CXX_LANGUAGE_STANDARD = "gnu++20";
				CLANG_ENABLE_MODULES = YES;
				CLANG_ENABLE_OBJC_ARC = YES;
				CLANG_ENABLE_OBJC_WEAK = YES;
				CLANG_WARN_BLOCK_CAPTURE_AUTORELEASING = YES;
				CLANG_WARN_BOOL_CONVERSION = YES;
				CLANG_WARN_COMMA = YES;
				CLANG_WARN_CONSTANT_CONVERSION = YES;
				CLANG_WARN_DEPRECATED_OBJC_IMPLEMENTATIONS = YES;
				CLANG_WARN_DIRECT_OBJC_ISA_USAGE = YES_ERROR;
				CLANG_WARN_DOCUMENTATION_COMMENTS = YES;
				CLANG_WARN_EMPTY_BODY = YES;
				CLANG_WARN_ENUM_CONVERSION = YES;
				CLANG_WARN_INFINITE_RECURSION = YES;
				CLANG_WARN_INT_CONVERSION = YES;
				CLANG_WARN_NON_LITERAL_NULL_CONVERSION = YES;
				CLANG_WARN_OBJC_IMPLICIT_RETAIN_SELF = YES;
				CLANG_WARN_OBJC_LITERAL_CONVERSION = YES;
				CLANG_WARN_OBJC_ROOT_CLASS = YES_ERROR;
				CLANG_WARN_QUOTED_INCLUDE_IN_FRAMEWORK_HEADER = YES;
				CLANG_WARN_RANGE_LOOP_ANALYSIS = YES;
				CLANG_WARN_STRICT_PROTOTYPES = YES;
				CLANG_WARN_SUSPICIOUS_MOVE = YES;
				CLANG_WARN_UNGUARDED_AVAILABILITY = YES_AGGRESSIVE;
				CLANG_WARN_UNREACHABLE_CODE = YES;
				CLANG_WARN__DUPLICATE_METHOD_MATCH = YES;
				COPY_PHASE_STRIP = NO;
				DEBUG_INFORMATION_FORMAT = dwarf;
				ENABLE_STRICT_OBJC_MSGSEND = YES;
				ENABLE_TESTABILITY = YES;
				ENABLE_USER_SCRIPT_SANDBOXING = YES;
				GCC_C_LANGUAGE_STANDARD = gnu17;
				GCC_DYNAMIC_NO_PIC = NO;
				GCC_NO_COMMON_BLOCKS = YES;
				GCC_OPTIMIZATION_LEVEL = 0;
				GCC_PREPROCESSOR_DEFINITIONS = (
					"DEBUG=1",
					"$(inherited)",
				);
				GCC_WARN_64_TO_32_BIT_CONVERSION = YES;
				GCC_WARN_ABOUT_RETURN_TYPE = YES_ERROR;
				GCC_WARN_UNDECLARED_SELECTOR = YES;
				GCC_WARN_UNINITIALIZED_AUTOS = YES_AGGRESSIVE;
				GCC_WARN_UNUSED_FUNCTION = YES;
				GCC_WARN_UNUSED_VARIABLE = YES;
				LOCALIZATION_PREFERS_STRING_CATALOGS = YES;
				MACOSX_DEPLOYMENT_TARGET = 15.5;
				MTL_ENABLE_DEBUG_INFO = INCLUDE_SOURCE;
				MTL_FAST_MATH = YES;
				ONLY_ACTIVE_ARCH = YES;
				SDKROOT = macosx;
				SWIFT_ACTIVE_COMPILATION_CONDITIONS = "DEBUG $(inherited)";
				SWIFT_OPTIMIZATION_LEVEL = "-Onone";
			};
			name = Debug;
		};
		5FA97B3D2DF30FC40021F1B9 /* Release */ = {
			isa = XCBuildConfiguration;
			buildSettings = {
				ALWAYS_SEARCH_USER_PATHS = NO;
				ASSETCATALOG_COMPILER_GENERATE_SWIFT_ASSET_SYMBOL_EXTENSIONS = YES;
				CLANG_ANALYZER_NONNULL = YES;
				CLANG_ANALYZER_NUMBER_OBJECT_CONVERSION = YES_AGGRESSIVE;
				CLANG_CXX_LANGUAGE_STANDARD = "gnu++20";
				CLANG_ENABLE_MODULES = YES;
				CLANG_ENABLE_OBJC_ARC = YES;
				CLANG_ENABLE_OBJC_WEAK = YES;
				CLANG_WARN_BLOCK_CAPTURE_AUTORELEASING = YES;
				CLANG_WARN_BOOL_CONVERSION = YES;
				CLANG_WARN_COMMA = YES;
				CLANG_WARN_CONSTANT_CONVERSION = YES;
				CLANG_WARN_DEPRECATED_OBJC_IMPLEMENTATIONS = YES;
				CLANG_WARN_DIRECT_OBJC_ISA_USAGE = YES_ERROR;
				CLANG_WARN_DOCUMENTATION_COMMENTS = YES;
				CLANG_WARN_EMPTY_BODY = YES;
				CLANG_WARN_ENUM_CONVERSION = YES;
				CLANG_WARN_INFINITE_RECURSION = YES;
				CLANG_WARN_INT_CONVERSION = YES;
				CLANG_WARN_NON_LITERAL_NULL_CONVERSION = YES;
				CLANG_WARN_OBJC_IMPLICIT_RETAIN_SELF = YES;
				CLANG_WARN_OBJC_LITERAL_CONVERSION = YES;
				CLANG_WARN_OBJC_ROOT_CLASS = YES_ERROR;
				CLANG_WARN_QUOTED_INCLUDE_IN_FRAMEWORK_HEADER = YES;
				CLANG_WARN_RANGE_LOOP_ANALYSIS = YES;
				CLANG_WARN_STRICT_PROTOTYPES = YES;
				CLANG_WARN_SUSPICIOUS_MOVE = YES;
				CLANG_WARN_UNGUARDED_AVAILABILITY = YES_AGGRESSIVE;
				CLANG_WARN_UNREACHABLE_CODE = YES;
				CLANG_WARN__DUPLICATE_METHOD_MATCH = YES;
				COPY_PHASE_STRIP = NO;
				DEBUG_INFORMATION_FORMAT = "dwarf-with-dsym";
				ENABLE_NS_ASSERTIONS = NO;
				ENABLE_STRICT_OBJC_MSGSEND = YES;
				ENABLE_USER_SCRIPT_SANDBOXING = YES;
				GCC_C_LANGUAGE_STANDARD = gnu17;
				GCC_NO_COMMON_BLOCKS = YES;
				GCC_WARN_64_TO_32_BIT_CONVERSION = YES;
				GCC_WARN_ABOUT_RETURN_TYPE = YES_ERROR;
				GCC_WARN_UNDECLARED_SELECTOR = YES;
				GCC_WARN_UNINITIALIZED_AUTOS = YES_AGGRESSIVE;
				GCC_WARN_UNUSED_FUNCTION = YES;
				GCC_WARN_UNUSED_VARIABLE = YES;
				LOCALIZATION_PREFERS_STRING_CATALOGS = YES;
				MACOSX_DEPLOYMENT_TARGET = 15.5;
				MTL_ENABLE_DEBUG_INFO = NO;
				MTL_FAST_MATH = YES;
				SDKROOT = macosx;
				SWIFT_COMPILATION_MODE = wholemodule;
			};
			name = Release;
		};
		5FA97B3F2DF30FC40021F1B9 /* Debug */ = {
			isa = XCBuildConfiguration;
			buildSettings = {
				CODE_SIGN_ENTITLEMENTS = "Brie - Bug Capture Extension/Brie___Bug_Capture_Extension.entitlements";
				CODE_SIGN_STYLE = Automatic;
				CURRENT_PROJECT_VERSION = 1;
				ENABLE_HARDENED_RUNTIME = YES;
				GENERATE_INFOPLIST_FILE = YES;
				INFOPLIST_FILE = "Brie - Bug Capture Extension/Info.plist";
				INFOPLIST_KEY_CFBundleDisplayName = "Brie - Bug Capture Extension";
				INFOPLIST_KEY_NSHumanReadableCopyright = "";
				LD_RUNPATH_SEARCH_PATHS = (
					"$(inherited)",
					"@executable_path/../Frameworks",
					"@executable_path/../../../../Frameworks",
				);
				MACOSX_DEPLOYMENT_TARGET = 10.14;
				MARKETING_VERSION = 1.0;
				OTHER_LDFLAGS = (
					"-framework",
					SafariServices,
				);
				PRODUCT_BUNDLE_IDENTIFIER = "com.yourCompany.Brie---Bug-Capture.Extension";
				PRODUCT_NAME = "$(TARGET_NAME)";
				SKIP_INSTALL = YES;
				SWIFT_EMIT_LOC_STRINGS = YES;
				SWIFT_VERSION = 5.0;
			};
			name = Debug;
		};
		5FA97B402DF30FC40021F1B9 /* Release */ = {
			isa = XCBuildConfiguration;
			buildSettings = {
				CODE_SIGN_ENTITLEMENTS = "Brie - Bug Capture Extension/Brie___Bug_Capture_Extension.entitlements";
				CODE_SIGN_STYLE = Automatic;
				CURRENT_PROJECT_VERSION = 1;
				ENABLE_HARDENED_RUNTIME = YES;
				GENERATE_INFOPLIST_FILE = YES;
				INFOPLIST_FILE = "Brie - Bug Capture Extension/Info.plist";
				INFOPLIST_KEY_CFBundleDisplayName = "Brie - Bug Capture Extension";
				INFOPLIST_KEY_NSHumanReadableCopyright = "";
				LD_RUNPATH_SEARCH_PATHS = (
					"$(inherited)",
					"@executable_path/../Frameworks",
					"@executable_path/../../../../Frameworks",
				);
				MACOSX_DEPLOYMENT_TARGET = 10.14;
				MARKETING_VERSION = 1.0;
				OTHER_LDFLAGS = (
					"-framework",
					SafariServices,
				);
				PRODUCT_BUNDLE_IDENTIFIER = "com.yourCompany.Brie---Bug-Capture.Extension";
				PRODUCT_NAME = "$(TARGET_NAME)";
				SKIP_INSTALL = YES;
				SWIFT_EMIT_LOC_STRINGS = YES;
				SWIFT_VERSION = 5.0;
			};
			name = Release;
		};
		5FA97B432DF30FC40021F1B9 /* Debug */ = {
			isa = XCBuildConfiguration;
			buildSettings = {
				ASSETCATALOG_COMPILER_APPICON_NAME = AppIcon;
				ASSETCATALOG_COMPILER_GLOBAL_ACCENT_COLOR_NAME = AccentColor;
				CODE_SIGN_ENTITLEMENTS = "Brie - Bug Capture/Brie - Bug Capture.entitlements";
				CODE_SIGN_STYLE = Automatic;
				COMBINE_HIDPI_IMAGES = YES;
				CURRENT_PROJECT_VERSION = 1;
				ENABLE_HARDENED_RUNTIME = YES;
				GENERATE_INFOPLIST_FILE = YES;
				INFOPLIST_FILE = "Brie - Bug Capture/Info.plist";
				INFOPLIST_KEY_CFBundleDisplayName = "Brie - Bug Capture";
				INFOPLIST_KEY_NSHumanReadableCopyright = "";
				INFOPLIST_KEY_NSMainStoryboardFile = Main;
				INFOPLIST_KEY_NSPrincipalClass = NSApplication;
				LD_RUNPATH_SEARCH_PATHS = (
					"$(inherited)",
					"@executable_path/../Frameworks",
				);
				MACOSX_DEPLOYMENT_TARGET = 10.14;
				MARKETING_VERSION = 1.0;
				OTHER_LDFLAGS = (
					"-framework",
					SafariServices,
					"-framework",
					WebKit,
				);
				PRODUCT_BUNDLE_IDENTIFIER = "com.yourCompany.Brie---Bug-Capture";
				PRODUCT_NAME = "$(TARGET_NAME)";
				REGISTER_APP_GROUPS = YES;
				SWIFT_EMIT_LOC_STRINGS = YES;
				SWIFT_VERSION = 5.0;
			};
			name = Debug;
		};
		5FA97B442DF30FC40021F1B9 /* Release */ = {
			isa = XCBuildConfiguration;
			buildSettings = {
				ASSETCATALOG_COMPILER_APPICON_NAME = AppIcon;
				ASSETCATALOG_COMPILER_GLOBAL_ACCENT_COLOR_NAME = AccentColor;
				CODE_SIGN_ENTITLEMENTS = "Brie - Bug Capture/Brie - Bug Capture.entitlements";
				CODE_SIGN_STYLE = Automatic;
				COMBINE_HIDPI_IMAGES = YES;
				CURRENT_PROJECT_VERSION = 1;
				ENABLE_HARDENED_RUNTIME = YES;
				GENERATE_INFOPLIST_FILE = YES;
				INFOPLIST_FILE = "Brie - Bug Capture/Info.plist";
				INFOPLIST_KEY_CFBundleDisplayName = "Brie - Bug Capture";
				INFOPLIST_KEY_NSHumanReadableCopyright = "";
				INFOPLIST_KEY_NSMainStoryboardFile = Main;
				INFOPLIST_KEY_NSPrincipalClass = NSApplication;
				LD_RUNPATH_SEARCH_PATHS = (
					"$(inherited)",
					"@executable_path/../Frameworks",
				);
				MACOSX_DEPLOYMENT_TARGET = 10.14;
				MARKETING_VERSION = 1.0;
				OTHER_LDFLAGS = (
					"-framework",
					SafariServices,
					"-framework",
					WebKit,
				);
				PRODUCT_BUNDLE_IDENTIFIER = "com.yourCompany.Brie---Bug-Capture";
				PRODUCT_NAME = "$(TARGET_NAME)";
				REGISTER_APP_GROUPS = YES;
				SWIFT_EMIT_LOC_STRINGS = YES;
				SWIFT_VERSION = 5.0;
			};
			name = Release;
		};
		5FA97B462DF30FC40021F1B9 /* Debug */ = {
			isa = XCBuildConfiguration;
			buildSettings = {
				BUNDLE_LOADER = "$(TEST_HOST)";
				CODE_SIGN_STYLE = Automatic;
				CURRENT_PROJECT_VERSION = 1;
				GENERATE_INFOPLIST_FILE = YES;
				MACOSX_DEPLOYMENT_TARGET = 10.14;
				MARKETING_VERSION = 1.0;
				PRODUCT_BUNDLE_IDENTIFIER = "com.yourCompany.Brie---Bug-CaptureTests";
				PRODUCT_NAME = "$(TARGET_NAME)";
				SWIFT_EMIT_LOC_STRINGS = NO;
				SWIFT_VERSION = 5.0;
				TEST_HOST = "$(BUILT_PRODUCTS_DIR)/Brie - Bug Capture.app/$(BUNDLE_EXECUTABLE_FOLDER_PATH)/Brie - Bug Capture";
			};
			name = Debug;
		};
		5FA97B472DF30FC40021F1B9 /* Release */ = {
			isa = XCBuildConfiguration;
			buildSettings = {
				BUNDLE_LOADER = "$(TEST_HOST)";
				CODE_SIGN_STYLE = Automatic;
				CURRENT_PROJECT_VERSION = 1;
				GENERATE_INFOPLIST_FILE = YES;
				MACOSX_DEPLOYMENT_TARGET = 10.14;
				MARKETING_VERSION = 1.0;
				PRODUCT_BUNDLE_IDENTIFIER = "com.yourCompany.Brie---Bug-CaptureTests";
				PRODUCT_NAME = "$(TARGET_NAME)";
				SWIFT_EMIT_LOC_STRINGS = NO;
				SWIFT_VERSION = 5.0;
				TEST_HOST = "$(BUILT_PRODUCTS_DIR)/Brie - Bug Capture.app/$(BUNDLE_EXECUTABLE_FOLDER_PATH)/Brie - Bug Capture";
			};
			name = Release;
		};
		5FA97B492DF30FC40021F1B9 /* Debug */ = {
			isa = XCBuildConfiguration;
			buildSettings = {
				CODE_SIGN_STYLE = Automatic;
				CURRENT_PROJECT_VERSION = 1;
				GENERATE_INFOPLIST_FILE = YES;
				MARKETING_VERSION = 1.0;
				PRODUCT_BUNDLE_IDENTIFIER = "com.yourCompany.Brie---Bug-CaptureUITests";
				PRODUCT_NAME = "$(TARGET_NAME)";
				SWIFT_EMIT_LOC_STRINGS = NO;
				SWIFT_VERSION = 5.0;
				TEST_TARGET_NAME = "Brie - Bug Capture";
			};
			name = Debug;
		};
		5FA97B4A2DF30FC40021F1B9 /* Release */ = {
			isa = XCBuildConfiguration;
			buildSettings = {
				CODE_SIGN_STYLE = Automatic;
				CURRENT_PROJECT_VERSION = 1;
				GENERATE_INFOPLIST_FILE = YES;
				MARKETING_VERSION = 1.0;
				PRODUCT_BUNDLE_IDENTIFIER = "com.yourCompany.Brie---Bug-CaptureUITests";
				PRODUCT_NAME = "$(TARGET_NAME)";
				SWIFT_EMIT_LOC_STRINGS = NO;
				SWIFT_VERSION = 5.0;
				TEST_TARGET_NAME = "Brie - Bug Capture";
			};
			name = Release;
		};
/* End XCBuildConfiguration section */

/* Begin XCConfigurationList section */
		5FA97AFB2DF30FC10021F1B9 /* Build configuration list for PBXProject "Brie - Bug Capture" */ = {
			isa = XCConfigurationList;
			buildConfigurations = (
				5FA97B3C2DF30FC40021F1B9 /* Debug */,
				5FA97B3D2DF30FC40021F1B9 /* Release */,
			);
			defaultConfigurationIsVisible = 0;
			defaultConfigurationName = Release;
		};
		5FA97B3E2DF30FC40021F1B9 /* Build configuration list for PBXNativeTarget "Brie - Bug Capture Extension" */ = {
			isa = XCConfigurationList;
			buildConfigurations = (
				5FA97B3F2DF30FC40021F1B9 /* Debug */,
				5FA97B402DF30FC40021F1B9 /* Release */,
			);
			defaultConfigurationIsVisible = 0;
			defaultConfigurationName = Release;
		};
		5FA97B422DF30FC40021F1B9 /* Build configuration list for PBXNativeTarget "Brie - Bug Capture" */ = {
			isa = XCConfigurationList;
			buildConfigurations = (
				5FA97B432DF30FC40021F1B9 /* Debug */,
				5FA97B442DF30FC40021F1B9 /* Release */,
			);
			defaultConfigurationIsVisible = 0;
			defaultConfigurationName = Release;
		};
		5FA97B452DF30FC40021F1B9 /* Build configuration list for PBXNativeTarget "Brie - Bug CaptureTests" */ = {
			isa = XCConfigurationList;
			buildConfigurations = (
				5FA97B462DF30FC40021F1B9 /* Debug */,
				5FA97B472DF30FC40021F1B9 /* Release */,
			);
			defaultConfigurationIsVisible = 0;
			defaultConfigurationName = Release;
		};
		5FA97B482DF30FC40021F1B9 /* Build configuration list for PBXNativeTarget "Brie - Bug CaptureUITests" */ = {
			isa = XCConfigurationList;
			buildConfigurations = (
				5FA97B492DF30FC40021F1B9 /* Debug */,
				5FA97B4A2DF30FC40021F1B9 /* Release */,
			);
			defaultConfigurationIsVisible = 0;
			defaultConfigurationName = Release;
		};
/* End XCConfigurationList section */
	};
	rootObject = 5FA97AF82DF30FC10021F1B9 /* Project object */;
}
